
Microsoft Visual Studio Solution File, Format Version 12.00
# Visual Studio 15
Project("{FAE04EC0-301F-11D3-BF4B-00C04F79EFBC}") = "UnityEngine.TestRunner", "UnityEngine.TestRunner.csproj", "{488E6456-01F3-AD56-DBF4-2539D77E71AE}"
EndProject
Project("{FAE04EC0-301F-11D3-BF4B-00C04F79EFBC}") = "Unity.Mathematics", "Unity.Mathematics.csproj", "{BE50FEA4-7900-2985-EAA9-1B5135A7B535}"
EndProject
Project("{FAE04EC0-301F-11D3-BF4B-00C04F79EFBC}") = "Unity.2D.Animation.Triangle.Runtime", "Unity.2D.Animation.Triangle.Runtime.csproj", "{0598A925-DAC9-46C7-1433-8CDD1AD972A0}"
EndProject
Project("{FAE04EC0-301F-11D3-BF4B-00C04F79EFBC}") = "Unity.Timeline", "Unity.Timeline.csproj", "{4BFC3DC1-6F05-73BD-6AE7-7B6FFB873B12}"
EndProject
Project("{FAE04EC0-301F-11D3-BF4B-00C04F79EFBC}") = "UnityEngine.UI", "UnityEngine.UI.csproj", "{5C48A061-E073-0986-A14E-4C50B33EA276}"
EndProject
Project("{FAE04EC0-301F-11D3-BF4B-00C04F79EFBC}") = "Unity.TextMeshPro", "Unity.TextMeshPro.csproj", "{1C5DA845-F7FE-D2D6-FFBD-92CBAAF5AA92}"
EndProject
Project("{FAE04EC0-301F-11D3-BF4B-00C04F79EFBC}") = "Unity.2D.Animation.Runtime", "Unity.2D.Animation.Runtime.csproj", "{FFAE414E-0FDC-77A4-B9F8-1E9084238DA5}"
EndProject
Project("{FAE04EC0-301F-11D3-BF4B-00C04F79EFBC}") = "Unity.2D.IK.Runtime", "Unity.2D.IK.Runtime.csproj", "{912CC810-7B56-EBB1-9C0E-58A48FBEA8C2}"
EndProject
Project("{FAE04EC0-301F-11D3-BF4B-00C04F79EFBC}") = "Unity.2D.SpriteShape.Runtime", "Unity.2D.SpriteShape.Runtime.csproj", "{A071AD28-5403-A97B-6DA4-C32D66C59270}"
EndProject
Project("{FAE04EC0-301F-11D3-BF4B-00C04F79EFBC}") = "Unity.2D.PixelPerfect", "Unity.2D.PixelPerfect.csproj", "{E36246F4-C828-B21C-D09D-4BDF5DBB88A2}"
EndProject
Project("{FAE04EC0-301F-11D3-BF4B-00C04F79EFBC}") = "Unity.2D.Common.Runtime", "Unity.2D.Common.Runtime.csproj", "{D91B4864-E778-95A9-0921-62D606F5DE90}"
EndProject
Project("{FAE04EC0-301F-11D3-BF4B-00C04F79EFBC}") = "Unity.InternalAPIEngineBridge.001", "Unity.InternalAPIEngineBridge.001.csproj", "{05560984-5F75-FEF3-BC93-B06A37A70587}"
EndProject
Project("{FAE04EC0-301F-11D3-BF4B-00C04F79EFBC}") = "Assembly-CSharp", "Assembly-CSharp.csproj", "{2D6D2153-07DE-9CF6-B156-C83690691ADF}"
EndProject
Project("{FAE04EC0-301F-11D3-BF4B-00C04F79EFBC}") = "UnityEditor.TestRunner", "UnityEditor.TestRunner.csproj", "{CC8A4673-182E-C39A-CDC9-85800BF9875F}"
EndProject
Project("{FAE04EC0-301F-11D3-BF4B-00C04F79EFBC}") = "Unity.PlasticSCM.Editor", "Unity.PlasticSCM.Editor.csproj", "{862F0A03-1142-B6F8-85F6-022339C1F4AD}"
EndProject
Project("{FAE04EC0-301F-11D3-BF4B-00C04F79EFBC}") = "UnityEditor.UI", "UnityEditor.UI.csproj", "{0B5051A1-6F7B-C933-7317-1875EF8A29FA}"
EndProject
Project("{FAE04EC0-301F-11D3-BF4B-00C04F79EFBC}") = "Unity.Timeline.Editor", "Unity.Timeline.Editor.csproj", "{D9FA3A8D-B932-77B9-3E4F-3A4C45D5DC3B}"
EndProject
Project("{FAE04EC0-301F-11D3-BF4B-00C04F79EFBC}") = "Unity.VisualStudio.Editor", "Unity.VisualStudio.Editor.csproj", "{0B4C1D6D-3901-38E0-5093-66644B5C7DA6}"
EndProject
Project("{FAE04EC0-301F-11D3-BF4B-00C04F79EFBC}") = "Unity.2D.Psdimporter.Editor", "Unity.2D.Psdimporter.Editor.csproj", "{0D85525F-434D-5759-140D-64163E4549D2}"
EndProject
Project("{FAE04EC0-301F-11D3-BF4B-00C04F79EFBC}") = "Unity.2D.Animation.Editor", "Unity.2D.Animation.Editor.csproj", "{8B955E17-52F2-6E72-0D07-3F6738421926}"
EndProject
Project("{FAE04EC0-301F-11D3-BF4B-00C04F79EFBC}") = "Unity.TextMeshPro.Editor", "Unity.TextMeshPro.Editor.csproj", "{546B3FC4-B49D-000C-6D03-7292BE6744F2}"
EndProject
Project("{FAE04EC0-301F-11D3-BF4B-00C04F79EFBC}") = "Unity.2D.SpriteShape.Editor", "Unity.2D.SpriteShape.Editor.csproj", "{F1F045E0-D9CC-0738-DDF3-6CC9C4F02B9D}"
EndProject
Project("{FAE04EC0-301F-11D3-BF4B-00C04F79EFBC}") = "Unity.CollabProxy.Editor", "Unity.CollabProxy.Editor.csproj", "{2884BF64-6C54-ECC6-5644-035A85CA5285}"
EndProject
Project("{FAE04EC0-301F-11D3-BF4B-00C04F79EFBC}") = "PsdPlugin", "PsdPlugin.csproj", "{230CDE8E-DB59-E854-F996-3EB58BEDA85E}"
EndProject
Project("{FAE04EC0-301F-11D3-BF4B-00C04F79EFBC}") = "Unity.2D.Path.Editor", "Unity.2D.Path.Editor.csproj", "{18FC5E53-686A-C00D-DF10-3F33C6171B93}"
EndProject
Project("{FAE04EC0-301F-11D3-BF4B-00C04F79EFBC}") = "Unity.Rider.Editor", "Unity.Rider.Editor.csproj", "{087589C0-F7F9-6AE4-7F16-4557734FCEC2}"
EndProject
Project("{FAE04EC0-301F-11D3-BF4B-00C04F79EFBC}") = "Unity.2D.IK.Editor", "Unity.2D.IK.Editor.csproj", "{3084D618-E59B-11D2-EAA8-0E82C9E1D6E4}"
EndProject
Project("{FAE04EC0-301F-11D3-BF4B-00C04F79EFBC}") = "Unity.2D.Sprite.Editor", "Unity.2D.Sprite.Editor.csproj", "{0E5EDD1E-7394-654E-CA42-E1CBEF9CCFB7}"
EndProject
Project("{FAE04EC0-301F-11D3-BF4B-00C04F79EFBC}") = "Unity.2D.Tilemap.Editor", "Unity.2D.Tilemap.Editor.csproj", "{C820A845-5780-E3B2-6CB6-CB1AFE4D52E9}"
EndProject
Project("{FAE04EC0-301F-11D3-BF4B-00C04F79EFBC}") = "Unity.2D.PixelPerfect.Editor", "Unity.2D.PixelPerfect.Editor.csproj", "{1D6B38E8-F389-5DDD-48D1-95A36ED9819C}"
EndProject
Project("{FAE04EC0-301F-11D3-BF4B-00C04F79EFBC}") = "Unity.VSCode.Editor", "Unity.VSCode.Editor.csproj", "{AE8FDAF3-ED00-513C-EA2D-C9BDD0F81D57}"
EndProject
Project("{FAE04EC0-301F-11D3-BF4B-00C04F79EFBC}") = "Unity.2D.Common.Editor", "Unity.2D.Common.Editor.csproj", "{580DF275-0494-F946-1FA9-F981EB05CE93}"
EndProject
Project("{FAE04EC0-301F-11D3-BF4B-00C04F79EFBC}") = "Unity.Mathematics.Editor", "Unity.Mathematics.Editor.csproj", "{6EF6544D-7AFF-E96E-B9E8-E2A579576FEE}"
EndProject
Project("{FAE04EC0-301F-11D3-BF4B-00C04F79EFBC}") = "Unity.InternalAPIEditorBridge.001", "Unity.InternalAPIEditorBridge.001.csproj", "{3B1AEF82-EFC4-82DE-3110-12A275989FED}"
EndProject
Project("{FAE04EC0-301F-11D3-BF4B-00C04F79EFBC}") = "UnityEngine.TestRunner", "UnityEngine.TestRunner.Player.csproj", "{F5F4110E-6D09-FE25-6989-ED1DD4A3DC1C}"
EndProject
Project("{FAE04EC0-301F-11D3-BF4B-00C04F79EFBC}") = "Unity.Mathematics", "Unity.Mathematics.Player.csproj", "{FA0CF37A-DFEF-9B50-4003-E5483A8DC7CA}"
EndProject
Project("{FAE04EC0-301F-11D3-BF4B-00C04F79EFBC}") = "Unity.2D.Animation.Triangle.Runtime", "Unity.2D.Animation.Triangle.Runtime.Player.csproj", "{47959C2F-DB97-4AA3-3669-6A1D3A3A73BA}"
EndProject
Project("{FAE04EC0-301F-11D3-BF4B-00C04F79EFBC}") = "Unity.Timeline", "Unity.Timeline.Player.csproj", "{8F5C6A45-3419-245C-0F8C-3BFB4B35FDA1}"
EndProject
Project("{FAE04EC0-301F-11D3-BF4B-00C04F79EFBC}") = "UnityEngine.UI", "UnityEngine.UI.Player.csproj", "{5A8FBC8C-A009-9C20-AE11-71615D8189D3}"
EndProject
Project("{FAE04EC0-301F-11D3-BF4B-00C04F79EFBC}") = "Unity.TextMeshPro", "Unity.TextMeshPro.Player.csproj", "{53F1E0A6-5975-81B8-0891-CF9923987534}"
EndProject
Project("{FAE04EC0-301F-11D3-BF4B-00C04F79EFBC}") = "Unity.2D.Animation.Runtime", "Unity.2D.Animation.Runtime.Player.csproj", "{6168A2E3-8BF5-A728-04B2-3A8CAF47909B}"
EndProject
Project("{FAE04EC0-301F-11D3-BF4B-00C04F79EFBC}") = "Unity.2D.IK.Runtime", "Unity.2D.IK.Runtime.Player.csproj", "{38A8955D-7E40-46CF-536E-D71DD6DE3BF1}"
EndProject
Project("{FAE04EC0-301F-11D3-BF4B-00C04F79EFBC}") = "Unity.2D.SpriteShape.Runtime", "Unity.2D.SpriteShape.Runtime.Player.csproj", "{0B5C8E88-FE35-B907-E7E7-C0AD6C8BE9CA}"
EndProject
Project("{FAE04EC0-301F-11D3-BF4B-00C04F79EFBC}") = "Unity.2D.PixelPerfect", "Unity.2D.PixelPerfect.Player.csproj", "{EA3BAB93-4035-9F57-8125-2E829DD87830}"
EndProject
Project("{FAE04EC0-301F-11D3-BF4B-00C04F79EFBC}") = "Unity.2D.Common.Runtime", "Unity.2D.Common.Runtime.Player.csproj", "{3DC5F13F-927A-9907-E220-3997D334C8F8}"
EndProject
Project("{FAE04EC0-301F-11D3-BF4B-00C04F79EFBC}") = "Unity.InternalAPIEngineBridge.001", "Unity.InternalAPIEngineBridge.001.Player.csproj", "{BC879501-9B14-E490-30EE-592AE0550AC8}"
EndProject
Project("{FAE04EC0-301F-11D3-BF4B-00C04F79EFBC}") = "Assembly-CSharp", "Assembly-CSharp.Player.csproj", "{A096066F-613E-8C72-8BA5-B8872CDAA640}"
EndProject
Global
	GlobalSection(SolutionConfigurationPlatforms) = preSolution
		Debug|Any CPU = Debug|Any CPU
		Release|Any CPU = Release|Any CPU
	EndGlobalSection
	GlobalSection(ProjectConfigurationPlatforms) = postSolution
		{488E6456-01F3-AD56-DBF4-2539D77E71AE}.Debug|Any CPU.ActiveCfg = Debug|Any CPU
		{488E6456-01F3-AD56-DBF4-2539D77E71AE}.Debug|Any CPU.Build.0 = Debug|Any CPU
		{488E6456-01F3-AD56-DBF4-2539D77E71AE}.Release|Any CPU.ActiveCfg = Release|Any CPU
		{488E6456-01F3-AD56-DBF4-2539D77E71AE}.Release|Any CPU.Build.0 = Release|Any CPU
		{BE50FEA4-7900-2985-EAA9-1B5135A7B535}.Debug|Any CPU.ActiveCfg = Debug|Any CPU
		{BE50FEA4-7900-2985-EAA9-1B5135A7B535}.Debug|Any CPU.Build.0 = Debug|Any CPU
		{BE50FEA4-7900-2985-EAA9-1B5135A7B535}.Release|Any CPU.ActiveCfg = Release|Any CPU
		{BE50FEA4-7900-2985-EAA9-1B5135A7B535}.Release|Any CPU.Build.0 = Release|Any CPU
		{0598A925-DAC9-46C7-1433-8CDD1AD972A0}.Debug|Any CPU.ActiveCfg = Debug|Any CPU
		{0598A925-DAC9-46C7-1433-8CDD1AD972A0}.Debug|Any CPU.Build.0 = Debug|Any CPU
		{0598A925-DAC9-46C7-1433-8CDD1AD972A0}.Release|Any CPU.ActiveCfg = Release|Any CPU
		{0598A925-DAC9-46C7-1433-8CDD1AD972A0}.Release|Any CPU.Build.0 = Release|Any CPU
		{4BFC3DC1-6F05-73BD-6AE7-7B6FFB873B12}.Debug|Any CPU.ActiveCfg = Debug|Any CPU
		{4BFC3DC1-6F05-73BD-6AE7-7B6FFB873B12}.Debug|Any CPU.Build.0 = Debug|Any CPU
		{4BFC3DC1-6F05-73BD-6AE7-7B6FFB873B12}.Release|Any CPU.ActiveCfg = Release|Any CPU
		{4BFC3DC1-6F05-73BD-6AE7-7B6FFB873B12}.Release|Any CPU.Build.0 = Release|Any CPU
		{5C48A061-E073-0986-A14E-4C50B33EA276}.Debug|Any CPU.ActiveCfg = Debug|Any CPU
		{5C48A061-E073-0986-A14E-4C50B33EA276}.Debug|Any CPU.Build.0 = Debug|Any CPU
		{5C48A061-E073-0986-A14E-4C50B33EA276}.Release|Any CPU.ActiveCfg = Release|Any CPU
		{5C48A061-E073-0986-A14E-4C50B33EA276}.Release|Any CPU.Build.0 = Release|Any CPU
		{1C5DA845-F7FE-D2D6-FFBD-92CBAAF5AA92}.Debug|Any CPU.ActiveCfg = Debug|Any CPU
		{1C5DA845-F7FE-D2D6-FFBD-92CBAAF5AA92}.Debug|Any CPU.Build.0 = Debug|Any CPU
		{1C5DA845-F7FE-D2D6-FFBD-92CBAAF5AA92}.Release|Any CPU.ActiveCfg = Release|Any CPU
		{1C5DA845-F7FE-D2D6-FFBD-92CBAAF5AA92}.Release|Any CPU.Build.0 = Release|Any CPU
		{FFAE414E-0FDC-77A4-B9F8-1E9084238DA5}.Debug|Any CPU.ActiveCfg = Debug|Any CPU
		{FFAE414E-0FDC-77A4-B9F8-1E9084238DA5}.Debug|Any CPU.Build.0 = Debug|Any CPU
		{FFAE414E-0FDC-77A4-B9F8-1E9084238DA5}.Release|Any CPU.ActiveCfg = Release|Any CPU
		{FFAE414E-0FDC-77A4-B9F8-1E9084238DA5}.Release|Any CPU.Build.0 = Release|Any CPU
		{912CC810-7B56-EBB1-9C0E-58A48FBEA8C2}.Debug|Any CPU.ActiveCfg = Debug|Any CPU
		{912CC810-7B56-EBB1-9C0E-58A48FBEA8C2}.Debug|Any CPU.Build.0 = Debug|Any CPU
		{912CC810-7B56-EBB1-9C0E-58A48FBEA8C2}.Release|Any CPU.ActiveCfg = Release|Any CPU
		{912CC810-7B56-EBB1-9C0E-58A48FBEA8C2}.Release|Any CPU.Build.0 = Release|Any CPU
		{A071AD28-5403-A97B-6DA4-C32D66C59270}.Debug|Any CPU.ActiveCfg = Debug|Any CPU
		{A071AD28-5403-A97B-6DA4-C32D66C59270}.Debug|Any CPU.Build.0 = Debug|Any CPU
		{A071AD28-5403-A97B-6DA4-C32D66C59270}.Release|Any CPU.ActiveCfg = Release|Any CPU
		{A071AD28-5403-A97B-6DA4-C32D66C59270}.Release|Any CPU.Build.0 = Release|Any CPU
		{E36246F4-C828-B21C-D09D-4BDF5DBB88A2}.Debug|Any CPU.ActiveCfg = Debug|Any CPU
		{E36246F4-C828-B21C-D09D-4BDF5DBB88A2}.Debug|Any CPU.Build.0 = Debug|Any CPU
		{E36246F4-C828-B21C-D09D-4BDF5DBB88A2}.Release|Any CPU.ActiveCfg = Release|Any CPU
		{E36246F4-C828-B21C-D09D-4BDF5DBB88A2}.Release|Any CPU.Build.0 = Release|Any CPU
		{D91B4864-E778-95A9-0921-62D606F5DE90}.Debug|Any CPU.ActiveCfg = Debug|Any CPU
		{D91B4864-E778-95A9-0921-62D606F5DE90}.Debug|Any CPU.Build.0 = Debug|Any CPU
		{D91B4864-E778-95A9-0921-62D606F5DE90}.Release|Any CPU.ActiveCfg = Release|Any CPU
		{D91B4864-E778-95A9-0921-62D606F5DE90}.Release|Any CPU.Build.0 = Release|Any CPU
		{05560984-5F75-FEF3-BC93-B06A37A70587}.Debug|Any CPU.ActiveCfg = Debug|Any CPU
		{05560984-5F75-FEF3-BC93-B06A37A70587}.Debug|Any CPU.Build.0 = Debug|Any CPU
		{05560984-5F75-FEF3-BC93-B06A37A70587}.Release|Any CPU.ActiveCfg = Release|Any CPU
		{05560984-5F75-FEF3-BC93-B06A37A70587}.Release|Any CPU.Build.0 = Release|Any CPU
		{2D6D2153-07DE-9CF6-B156-C83690691ADF}.Debug|Any CPU.ActiveCfg = Debug|Any CPU
		{2D6D2153-07DE-9CF6-B156-C83690691ADF}.Debug|Any CPU.Build.0 = Debug|Any CPU
		{2D6D2153-07DE-9CF6-B156-C83690691ADF}.Release|Any CPU.ActiveCfg = Release|Any CPU
		{2D6D2153-07DE-9CF6-B156-C83690691ADF}.Release|Any CPU.Build.0 = Release|Any CPU
		{CC8A4673-182E-C39A-CDC9-85800BF9875F}.Debug|Any CPU.ActiveCfg = Debug|Any CPU
		{CC8A4673-182E-C39A-CDC9-85800BF9875F}.Debug|Any CPU.Build.0 = Debug|Any CPU
		{CC8A4673-182E-C39A-CDC9-85800BF9875F}.Release|Any CPU.ActiveCfg = Release|Any CPU
		{CC8A4673-182E-C39A-CDC9-85800BF9875F}.Release|Any CPU.Build.0 = Release|Any CPU
		{862F0A03-1142-B6F8-85F6-022339C1F4AD}.Debug|Any CPU.ActiveCfg = Debug|Any CPU
		{862F0A03-1142-B6F8-85F6-022339C1F4AD}.Debug|Any CPU.Build.0 = Debug|Any CPU
		{862F0A03-1142-B6F8-85F6-022339C1F4AD}.Release|Any CPU.ActiveCfg = Release|Any CPU
		{862F0A03-1142-B6F8-85F6-022339C1F4AD}.Release|Any CPU.Build.0 = Release|Any CPU
		{0B5051A1-6F7B-C933-7317-1875EF8A29FA}.Debug|Any CPU.ActiveCfg = Debug|Any CPU
		{0B5051A1-6F7B-C933-7317-1875EF8A29FA}.Debug|Any CPU.Build.0 = Debug|Any CPU
		{0B5051A1-6F7B-C933-7317-1875EF8A29FA}.Release|Any CPU.ActiveCfg = Release|Any CPU
		{0B5051A1-6F7B-C933-7317-1875EF8A29FA}.Release|Any CPU.Build.0 = Release|Any CPU
		{D9FA3A8D-B932-77B9-3E4F-3A4C45D5DC3B}.Debug|Any CPU.ActiveCfg = Debug|Any CPU
		{D9FA3A8D-B932-77B9-3E4F-3A4C45D5DC3B}.Debug|Any CPU.Build.0 = Debug|Any CPU
		{D9FA3A8D-B932-77B9-3E4F-3A4C45D5DC3B}.Release|Any CPU.ActiveCfg = Release|Any CPU
		{D9FA3A8D-B932-77B9-3E4F-3A4C45D5DC3B}.Release|Any CPU.Build.0 = Release|Any CPU
		{0B4C1D6D-3901-38E0-5093-66644B5C7DA6}.Debug|Any CPU.ActiveCfg = Debug|Any CPU
		{0B4C1D6D-3901-38E0-5093-66644B5C7DA6}.Debug|Any CPU.Build.0 = Debug|Any CPU
		{0B4C1D6D-3901-38E0-5093-66644B5C7DA6}.Release|Any CPU.ActiveCfg = Release|Any CPU
		{0B4C1D6D-3901-38E0-5093-66644B5C7DA6}.Release|Any CPU.Build.0 = Release|Any CPU
		{0D85525F-434D-5759-140D-64163E4549D2}.Debug|Any CPU.ActiveCfg = Debug|Any CPU
		{0D85525F-434D-5759-140D-64163E4549D2}.Debug|Any CPU.Build.0 = Debug|Any CPU
		{0D85525F-434D-5759-140D-64163E4549D2}.Release|Any CPU.ActiveCfg = Release|Any CPU
		{0D85525F-434D-5759-140D-64163E4549D2}.Release|Any CPU.Build.0 = Release|Any CPU
		{8B955E17-52F2-6E72-0D07-3F6738421926}.Debug|Any CPU.ActiveCfg = Debug|Any CPU
		{8B955E17-52F2-6E72-0D07-3F6738421926}.Debug|Any CPU.Build.0 = Debug|Any CPU
		{8B955E17-52F2-6E72-0D07-3F6738421926}.Release|Any CPU.ActiveCfg = Release|Any CPU
		{8B955E17-52F2-6E72-0D07-3F6738421926}.Release|Any CPU.Build.0 = Release|Any CPU
		{546B3FC4-B49D-000C-6D03-7292BE6744F2}.Debug|Any CPU.ActiveCfg = Debug|Any CPU
		{546B3FC4-B49D-000C-6D03-7292BE6744F2}.Debug|Any CPU.Build.0 = Debug|Any CPU
		{546B3FC4-B49D-000C-6D03-7292BE6744F2}.Release|Any CPU.ActiveCfg = Release|Any CPU
		{546B3FC4-B49D-000C-6D03-7292BE6744F2}.Release|Any CPU.Build.0 = Release|Any CPU
		{F1F045E0-D9CC-0738-DDF3-6CC9C4F02B9D}.Debug|Any CPU.ActiveCfg = Debug|Any CPU
		{F1F045E0-D9CC-0738-DDF3-6CC9C4F02B9D}.Debug|Any CPU.Build.0 = Debug|Any CPU
		{F1F045E0-D9CC-0738-DDF3-6CC9C4F02B9D}.Release|Any CPU.ActiveCfg = Release|Any CPU
		{F1F045E0-D9CC-0738-DDF3-6CC9C4F02B9D}.Release|Any CPU.Build.0 = Release|Any CPU
		{2884BF64-6C54-ECC6-5644-035A85CA5285}.Debug|Any CPU.ActiveCfg = Debug|Any CPU
		{2884BF64-6C54-ECC6-5644-035A85CA5285}.Debug|Any CPU.Build.0 = Debug|Any CPU
		{2884BF64-6C54-ECC6-5644-035A85CA5285}.Release|Any CPU.ActiveCfg = Release|Any CPU
		{2884BF64-6C54-ECC6-5644-035A85CA5285}.Release|Any CPU.Build.0 = Release|Any CPU
		{230CDE8E-DB59-E854-F996-3EB58BEDA85E}.Debug|Any CPU.ActiveCfg = Debug|Any CPU
		{230CDE8E-DB59-E854-F996-3EB58BEDA85E}.Debug|Any CPU.Build.0 = Debug|Any CPU
		{230CDE8E-DB59-E854-F996-3EB58BEDA85E}.Release|Any CPU.ActiveCfg = Release|Any CPU
		{230CDE8E-DB59-E854-F996-3EB58BEDA85E}.Release|Any CPU.Build.0 = Release|Any CPU
		{18FC5E53-686A-C00D-DF10-3F33C6171B93}.Debug|Any CPU.ActiveCfg = Debug|Any CPU
		{18FC5E53-686A-C00D-DF10-3F33C6171B93}.Debug|Any CPU.Build.0 = Debug|Any CPU
		{18FC5E53-686A-C00D-DF10-3F33C6171B93}.Release|Any CPU.ActiveCfg = Release|Any CPU
		{18FC5E53-686A-C00D-DF10-3F33C6171B93}.Release|Any CPU.Build.0 = Release|Any CPU
		{087589C0-F7F9-6AE4-7F16-4557734FCEC2}.Debug|Any CPU.ActiveCfg = Debug|Any CPU
		{087589C0-F7F9-6AE4-7F16-4557734FCEC2}.Debug|Any CPU.Build.0 = Debug|Any CPU
		{087589C0-F7F9-6AE4-7F16-4557734FCEC2}.Release|Any CPU.ActiveCfg = Release|Any CPU
		{087589C0-F7F9-6AE4-7F16-4557734FCEC2}.Release|Any CPU.Build.0 = Release|Any CPU
		{3084D618-E59B-11D2-EAA8-0E82C9E1D6E4}.Debug|Any CPU.ActiveCfg = Debug|Any CPU
		{3084D618-E59B-11D2-EAA8-0E82C9E1D6E4}.Debug|Any CPU.Build.0 = Debug|Any CPU
		{3084D618-E59B-11D2-EAA8-0E82C9E1D6E4}.Release|Any CPU.ActiveCfg = Release|Any CPU
		{3084D618-E59B-11D2-EAA8-0E82C9E1D6E4}.Release|Any CPU.Build.0 = Release|Any CPU
		{0E5EDD1E-7394-654E-CA42-E1CBEF9CCFB7}.Debug|Any CPU.ActiveCfg = Debug|Any CPU
		{0E5EDD1E-7394-654E-CA42-E1CBEF9CCFB7}.Debug|Any CPU.Build.0 = Debug|Any CPU
		{0E5EDD1E-7394-654E-CA42-E1CBEF9CCFB7}.Release|Any CPU.ActiveCfg = Release|Any CPU
		{0E5EDD1E-7394-654E-CA42-E1CBEF9CCFB7}.Release|Any CPU.Build.0 = Release|Any CPU
		{C820A845-5780-E3B2-6CB6-CB1AFE4D52E9}.Debug|Any CPU.ActiveCfg = Debug|Any CPU
		{C820A845-5780-E3B2-6CB6-CB1AFE4D52E9}.Debug|Any CPU.Build.0 = Debug|Any CPU
		{C820A845-5780-E3B2-6CB6-CB1AFE4D52E9}.Release|Any CPU.ActiveCfg = Release|Any CPU
		{C820A845-5780-E3B2-6CB6-CB1AFE4D52E9}.Release|Any CPU.Build.0 = Release|Any CPU
		{1D6B38E8-F389-5DDD-48D1-95A36ED9819C}.Debug|Any CPU.ActiveCfg = Debug|Any CPU
		{1D6B38E8-F389-5DDD-48D1-95A36ED9819C}.Debug|Any CPU.Build.0 = Debug|Any CPU
		{1D6B38E8-F389-5DDD-48D1-95A36ED9819C}.Release|Any CPU.ActiveCfg = Release|Any CPU
		{1D6B38E8-F389-5DDD-48D1-95A36ED9819C}.Release|Any CPU.Build.0 = Release|Any CPU
		{AE8FDAF3-ED00-513C-EA2D-C9BDD0F81D57}.Debug|Any CPU.ActiveCfg = Debug|Any CPU
		{AE8FDAF3-ED00-513C-EA2D-C9BDD0F81D57}.Debug|Any CPU.Build.0 = Debug|Any CPU
		{AE8FDAF3-ED00-513C-EA2D-C9BDD0F81D57}.Release|Any CPU.ActiveCfg = Release|Any CPU
		{AE8FDAF3-ED00-513C-EA2D-C9BDD0F81D57}.Release|Any CPU.Build.0 = Release|Any CPU
		{580DF275-0494-F946-1FA9-F981EB05CE93}.Debug|Any CPU.ActiveCfg = Debug|Any CPU
		{580DF275-0494-F946-1FA9-F981EB05CE93}.Debug|Any CPU.Build.0 = Debug|Any CPU
		{580DF275-0494-F946-1FA9-F981EB05CE93}.Release|Any CPU.ActiveCfg = Release|Any CPU
		{580DF275-0494-F946-1FA9-F981EB05CE93}.Release|Any CPU.Build.0 = Release|Any CPU
		{6EF6544D-7AFF-E96E-B9E8-E2A579576FEE}.Debug|Any CPU.ActiveCfg = Debug|Any CPU
		{6EF6544D-7AFF-E96E-B9E8-E2A579576FEE}.Debug|Any CPU.Build.0 = Debug|Any CPU
		{6EF6544D-7AFF-E96E-B9E8-E2A579576FEE}.Release|Any CPU.ActiveCfg = Release|Any CPU
		{6EF6544D-7AFF-E96E-B9E8-E2A579576FEE}.Release|Any CPU.Build.0 = Release|Any CPU
		{3B1AEF82-EFC4-82DE-3110-12A275989FED}.Debug|Any CPU.ActiveCfg = Debug|Any CPU
		{3B1AEF82-EFC4-82DE-3110-12A275989FED}.Debug|Any CPU.Build.0 = Debug|Any CPU
		{3B1AEF82-EFC4-82DE-3110-12A275989FED}.Release|Any CPU.ActiveCfg = Release|Any CPU
		{3B1AEF82-EFC4-82DE-3110-12A275989FED}.Release|Any CPU.Build.0 = Release|Any CPU
		{F5F4110E-6D09-FE25-6989-ED1DD4A3DC1C}.Debug|Any CPU.ActiveCfg = Debug|Any CPU
		{F5F4110E-6D09-FE25-6989-ED1DD4A3DC1C}.Debug|Any CPU.Build.0 = Debug|Any CPU
		{F5F4110E-6D09-FE25-6989-ED1DD4A3DC1C}.Release|Any CPU.ActiveCfg = Release|Any CPU
		{F5F4110E-6D09-FE25-6989-ED1DD4A3DC1C}.Release|Any CPU.Build.0 = Release|Any CPU
		{FA0CF37A-DFEF-9B50-4003-E5483A8DC7CA}.Debug|Any CPU.ActiveCfg = Debug|Any CPU
		{FA0CF37A-DFEF-9B50-4003-E5483A8DC7CA}.Debug|Any CPU.Build.0 = Debug|Any CPU
		{FA0CF37A-DFEF-9B50-4003-E5483A8DC7CA}.Release|Any CPU.ActiveCfg = Release|Any CPU
		{FA0CF37A-DFEF-9B50-4003-E5483A8DC7CA}.Release|Any CPU.Build.0 = Release|Any CPU
		{47959C2F-DB97-4AA3-3669-6A1D3A3A73BA}.Debug|Any CPU.ActiveCfg = Debug|Any CPU
		{47959C2F-DB97-4AA3-3669-6A1D3A3A73BA}.Debug|Any CPU.Build.0 = Debug|Any CPU
		{47959C2F-DB97-4AA3-3669-6A1D3A3A73BA}.Release|Any CPU.ActiveCfg = Release|Any CPU
		{47959C2F-DB97-4AA3-3669-6A1D3A3A73BA}.Release|Any CPU.Build.0 = Release|Any CPU
		{8F5C6A45-3419-245C-0F8C-3BFB4B35FDA1}.Debug|Any CPU.ActiveCfg = Debug|Any CPU
		{8F5C6A45-3419-245C-0F8C-3BFB4B35FDA1}.Debug|Any CPU.Build.0 = Debug|Any CPU
		{8F5C6A45-3419-245C-0F8C-3BFB4B35FDA1}.Release|Any CPU.ActiveCfg = Release|Any CPU
		{8F5C6A45-3419-245C-0F8C-3BFB4B35FDA1}.Release|Any CPU.Build.0 = Release|Any CPU
		{5A8FBC8C-A009-9C20-AE11-71615D8189D3}.Debug|Any CPU.ActiveCfg = Debug|Any CPU
		{5A8FBC8C-A009-9C20-AE11-71615D8189D3}.Debug|Any CPU.Build.0 = Debug|Any CPU
		{5A8FBC8C-A009-9C20-AE11-71615D8189D3}.Release|Any CPU.ActiveCfg = Release|Any CPU
		{5A8FBC8C-A009-9C20-AE11-71615D8189D3}.Release|Any CPU.Build.0 = Release|Any CPU
		{53F1E0A6-5975-81B8-0891-CF9923987534}.Debug|Any CPU.ActiveCfg = Debug|Any CPU
		{53F1E0A6-5975-81B8-0891-CF9923987534}.Debug|Any CPU.Build.0 = Debug|Any CPU
		{53F1E0A6-5975-81B8-0891-CF9923987534}.Release|Any CPU.ActiveCfg = Release|Any CPU
		{53F1E0A6-5975-81B8-0891-CF9923987534}.Release|Any CPU.Build.0 = Release|Any CPU
		{6168A2E3-8BF5-A728-04B2-3A8CAF47909B}.Debug|Any CPU.ActiveCfg = Debug|Any CPU
		{6168A2E3-8BF5-A728-04B2-3A8CAF47909B}.Debug|Any CPU.Build.0 = Debug|Any CPU
		{6168A2E3-8BF5-A728-04B2-3A8CAF47909B}.Release|Any CPU.ActiveCfg = Release|Any CPU
		{6168A2E3-8BF5-A728-04B2-3A8CAF47909B}.Release|Any CPU.Build.0 = Release|Any CPU
		{38A8955D-7E40-46CF-536E-D71DD6DE3BF1}.Debug|Any CPU.ActiveCfg = Debug|Any CPU
		{38A8955D-7E40-46CF-536E-D71DD6DE3BF1}.Debug|Any CPU.Build.0 = Debug|Any CPU
		{38A8955D-7E40-46CF-536E-D71DD6DE3BF1}.Release|Any CPU.ActiveCfg = Release|Any CPU
		{38A8955D-7E40-46CF-536E-D71DD6DE3BF1}.Release|Any CPU.Build.0 = Release|Any CPU
		{0B5C8E88-FE35-B907-E7E7-C0AD6C8BE9CA}.Debug|Any CPU.ActiveCfg = Debug|Any CPU
		{0B5C8E88-FE35-B907-E7E7-C0AD6C8BE9CA}.Debug|Any CPU.Build.0 = Debug|Any CPU
		{0B5C8E88-FE35-B907-E7E7-C0AD6C8BE9CA}.Release|Any CPU.ActiveCfg = Release|Any CPU
		{0B5C8E88-FE35-B907-E7E7-C0AD6C8BE9CA}.Release|Any CPU.Build.0 = Release|Any CPU
		{EA3BAB93-4035-9F57-8125-2E829DD87830}.Debug|Any CPU.ActiveCfg = Debug|Any CPU
		{EA3BAB93-4035-9F57-8125-2E829DD87830}.Debug|Any CPU.Build.0 = Debug|Any CPU
		{EA3BAB93-4035-9F57-8125-2E829DD87830}.Release|Any CPU.ActiveCfg = Release|Any CPU
		{EA3BAB93-4035-9F57-8125-2E829DD87830}.Release|Any CPU.Build.0 = Release|Any CPU
		{3DC5F13F-927A-9907-E220-3997D334C8F8}.Debug|Any CPU.ActiveCfg = Debug|Any CPU
		{3DC5F13F-927A-9907-E220-3997D334C8F8}.Debug|Any CPU.Build.0 = Debug|Any CPU
		{3DC5F13F-927A-9907-E220-3997D334C8F8}.Release|Any CPU.ActiveCfg = Release|Any CPU
		{3DC5F13F-927A-9907-E220-3997D334C8F8}.Release|Any CPU.Build.0 = Release|Any CPU
		{BC879501-9B14-E490-30EE-592AE0550AC8}.Debug|Any CPU.ActiveCfg = Debug|Any CPU
		{BC879501-9B14-E490-30EE-592AE0550AC8}.Debug|Any CPU.Build.0 = Debug|Any CPU
		{BC879501-9B14-E490-30EE-592AE0550AC8}.Release|Any CPU.ActiveCfg = Release|Any CPU
		{BC879501-9B14-E490-30EE-592AE0550AC8}.Release|Any CPU.Build.0 = Release|Any CPU
		{A096066F-613E-8C72-8BA5-B8872CDAA640}.Debug|Any CPU.ActiveCfg = Debug|Any CPU
		{A096066F-613E-8C72-8BA5-B8872CDAA640}.Debug|Any CPU.Build.0 = Debug|Any CPU
		{A096066F-613E-8C72-8BA5-B8872CDAA640}.Release|Any CPU.ActiveCfg = Release|Any CPU
		{A096066F-613E-8C72-8BA5-B8872CDAA640}.Release|Any CPU.Build.0 = Release|Any CPU
	EndGlobalSection
	GlobalSection(SolutionProperties) = preSolution
		HideSolutionNode = FALSE
	EndGlobalSection
EndGlobal
